// !$*UTF8*$!
{
	archiveVersion = 1;
	classes = {
	};
	objectVersion = 50;
	objects = {

/* Begin PBXBuildFile section */
		5686DCBC240A83FF0081F73F /* UdacityClient.swift in Sources */ = {isa = PBXBuildFile; fileRef = 5686DCBB240A83FF0081F73F /* UdacityClient.swift */; };
		5686DCBE240A902D0081F73F /* ErrorResponse.swift in Sources */ = {isa = PBXBuildFile; fileRef = 5686DCBD240A902D0081F73F /* ErrorResponse.swift */; };
		5686DCC0240A92470081F73F /* CreateSessionUdacityRequest.swift in Sources */ = {isa = PBXBuildFile; fileRef = 5686DCBF240A92470081F73F /* CreateSessionUdacityRequest.swift */; };
		5686DCC2240A92580081F73F /* CreateSessionRequest.swift in Sources */ = {isa = PBXBuildFile; fileRef = 5686DCC1240A92580081F73F /* CreateSessionRequest.swift */; };
		5686DCC4240A94540081F73F /* AccountResponse.swift in Sources */ = {isa = PBXBuildFile; fileRef = 5686DCC3240A94540081F73F /* AccountResponse.swift */; };
		5686DCC6240A94880081F73F /* SessionResponse.swift in Sources */ = {isa = PBXBuildFile; fileRef = 5686DCC5240A94880081F73F /* SessionResponse.swift */; };
		5686DCC8240A970D0081F73F /* LoginResponse.swift in Sources */ = {isa = PBXBuildFile; fileRef = 5686DCC7240A970D0081F73F /* LoginResponse.swift */; };
		5686DCCA240A9C280081F73F /* UserDataResponse.swift in Sources */ = {isa = PBXBuildFile; fileRef = 5686DCC9240A9C270081F73F /* UserDataResponse.swift */; };
		5686DCCC240AA4DC0081F73F /* LocationsMapViewController.swift in Sources */ = {isa = PBXBuildFile; fileRef = 5686DCCB240AA4DC0081F73F /* LocationsMapViewController.swift */; };
		5686DCCE240AA8510081F73F /* LocationModel.swift in Sources */ = {isa = PBXBuildFile; fileRef = 5686DCCD240AA8510081F73F /* LocationModel.swift */; };
		5686DCD0240BB5CA0081F73F /* LocationsListViewController.swift in Sources */ = {isa = PBXBuildFile; fileRef = 5686DCCF240BB5CA0081F73F /* LocationsListViewController.swift */; };
		5686DCD2240BBD870081F73F /* StudentLocationCell.swift in Sources */ = {isa = PBXBuildFile; fileRef = 5686DCD1240BBD870081F73F /* StudentLocationCell.swift */; };
		56CA238D24027843000D1CD0 /* AppDelegate.swift in Sources */ = {isa = PBXBuildFile; fileRef = 56CA238C24027843000D1CD0 /* AppDelegate.swift */; };
		56CA238F24027843000D1CD0 /* SceneDelegate.swift in Sources */ = {isa = PBXBuildFile; fileRef = 56CA238E24027843000D1CD0 /* SceneDelegate.swift */; };
		56CA239124027843000D1CD0 /* LoginViewController.swift in Sources */ = {isa = PBXBuildFile; fileRef = 56CA239024027843000D1CD0 /* LoginViewController.swift */; };
		56CA239424027843000D1CD0 /* OnTheMap.storyboard in Resources */ = {isa = PBXBuildFile; fileRef = 56CA239224027843000D1CD0 /* OnTheMap.storyboard */; };
		56CA239624027845000D1CD0 /* Assets.xcassets in Resources */ = {isa = PBXBuildFile; fileRef = 56CA239524027845000D1CD0 /* Assets.xcassets */; };
		56CA239924027845000D1CD0 /* LaunchScreen.storyboard in Resources */ = {isa = PBXBuildFile; fileRef = 56CA239724027845000D1CD0 /* LaunchScreen.storyboard */; };
		56F4DAEE2402964A00F859C3 /* StudentLocation.swift in Sources */ = {isa = PBXBuildFile; fileRef = 56F4DAED2402964A00F859C3 /* StudentLocation.swift */; };
		56F4DAF02402966B00F859C3 /* StudentLocationsResponse.swift in Sources */ = {isa = PBXBuildFile; fileRef = 56F4DAEF2402966B00F859C3 /* StudentLocationsResponse.swift */; };
/* End PBXBuildFile section */

/* Begin PBXFileReference section */
		5686DCBB240A83FF0081F73F /* UdacityClient.swift */ = {isa = PBXFileReference; lastKnownFileType = sourcecode.swift; path = UdacityClient.swift; sourceTree = "<group>"; };
		5686DCBD240A902D0081F73F /* ErrorResponse.swift */ = {isa = PBXFileReference; lastKnownFileType = sourcecode.swift; path = ErrorResponse.swift; sourceTree = "<group>"; };
		5686DCBF240A92470081F73F /* CreateSessionUdacityRequest.swift */ = {isa = PBXFileReference; lastKnownFileType = sourcecode.swift; path = CreateSessionUdacityRequest.swift; sourceTree = "<group>"; };
		5686DCC1240A92580081F73F /* CreateSessionRequest.swift */ = {isa = PBXFileReference; lastKnownFileType = sourcecode.swift; path = CreateSessionRequest.swift; sourceTree = "<group>"; };
		5686DCC3240A94540081F73F /* AccountResponse.swift */ = {isa = PBXFileReference; lastKnownFileType = sourcecode.swift; path = AccountResponse.swift; sourceTree = "<group>"; };
		5686DCC5240A94880081F73F /* SessionResponse.swift */ = {isa = PBXFileReference; lastKnownFileType = sourcecode.swift; path = SessionResponse.swift; sourceTree = "<group>"; };
		5686DCC7240A970D0081F73F /* LoginResponse.swift */ = {isa = PBXFileReference; lastKnownFileType = sourcecode.swift; path = LoginResponse.swift; sourceTree = "<group>"; };
		5686DCC9240A9C270081F73F /* UserDataResponse.swift */ = {isa = PBXFileReference; lastKnownFileType = sourcecode.swift; path = UserDataResponse.swift; sourceTree = "<group>"; };
		5686DCCB240AA4DC0081F73F /* LocationsMapViewController.swift */ = {isa = PBXFileReference; lastKnownFileType = sourcecode.swift; path = LocationsMapViewController.swift; sourceTree = "<group>"; };
		5686DCCD240AA8510081F73F /* LocationModel.swift */ = {isa = PBXFileReference; lastKnownFileType = sourcecode.swift; path = LocationModel.swift; sourceTree = "<group>"; };
		5686DCCF240BB5CA0081F73F /* LocationsListViewController.swift */ = {isa = PBXFileReference; lastKnownFileType = sourcecode.swift; path = LocationsListViewController.swift; sourceTree = "<group>"; };
		5686DCD1240BBD870081F73F /* StudentLocationCell.swift */ = {isa = PBXFileReference; lastKnownFileType = sourcecode.swift; path = StudentLocationCell.swift; sourceTree = "<group>"; };
		56CA238924027843000D1CD0 /* On the Map.app */ = {isa = PBXFileReference; explicitFileType = wrapper.application; includeInIndex = 0; path = "On the Map.app"; sourceTree = BUILT_PRODUCTS_DIR; };
		56CA238C24027843000D1CD0 /* AppDelegate.swift */ = {isa = PBXFileReference; lastKnownFileType = sourcecode.swift; path = AppDelegate.swift; sourceTree = "<group>"; };
		56CA238E24027843000D1CD0 /* SceneDelegate.swift */ = {isa = PBXFileReference; lastKnownFileType = sourcecode.swift; path = SceneDelegate.swift; sourceTree = "<group>"; };
		56CA239024027843000D1CD0 /* LoginViewController.swift */ = {isa = PBXFileReference; lastKnownFileType = sourcecode.swift; path = LoginViewController.swift; sourceTree = "<group>"; };
		56CA239324027843000D1CD0 /* Base */ = {isa = PBXFileReference; lastKnownFileType = file.storyboard; name = Base; path = Base.lproj/OnTheMap.storyboard; sourceTree = "<group>"; };
		56CA239524027845000D1CD0 /* Assets.xcassets */ = {isa = PBXFileReference; lastKnownFileType = folder.assetcatalog; path = Assets.xcassets; sourceTree = "<group>"; };
		56CA239824027845000D1CD0 /* Base */ = {isa = PBXFileReference; lastKnownFileType = file.storyboard; name = Base; path = Base.lproj/LaunchScreen.storyboard; sourceTree = "<group>"; };
		56CA239A24027845000D1CD0 /* Info.plist */ = {isa = PBXFileReference; lastKnownFileType = text.plist.xml; path = Info.plist; sourceTree = "<group>"; };
		56F4DAED2402964A00F859C3 /* StudentLocation.swift */ = {isa = PBXFileReference; lastKnownFileType = sourcecode.swift; path = StudentLocation.swift; sourceTree = "<group>"; };
		56F4DAEF2402966B00F859C3 /* StudentLocationsResponse.swift */ = {isa = PBXFileReference; lastKnownFileType = sourcecode.swift; path = StudentLocationsResponse.swift; sourceTree = "<group>"; };
/* End PBXFileReference section */

/* Begin PBXFrameworksBuildPhase section */
		56CA238624027843000D1CD0 /* Frameworks */ = {
			isa = PBXFrameworksBuildPhase;
			buildActionMask = 2147483647;
			files = (
			);
			runOnlyForDeploymentPostprocessing = 0;
		};
/* End PBXFrameworksBuildPhase section */

/* Begin PBXGroup section */
		56CA238024027843000D1CD0 = {
			isa = PBXGroup;
			children = (
				56CA238B24027843000D1CD0 /* OnTheMap */,
				56CA238A24027843000D1CD0 /* Products */,
			);
			sourceTree = "<group>";
		};
		56CA238A24027843000D1CD0 /* Products */ = {
			isa = PBXGroup;
			children = (
				56CA238924027843000D1CD0 /* On the Map.app */,
			);
			name = Products;
			sourceTree = "<group>";
		};
		56CA238B24027843000D1CD0 /* OnTheMap */ = {
			isa = PBXGroup;
			children = (
				56CA239A24027845000D1CD0 /* Info.plist */,
				56CA238C24027843000D1CD0 /* AppDelegate.swift */,
				56CA238E24027843000D1CD0 /* SceneDelegate.swift */,
				56F4DAE8240295C000F859C3 /* Assets */,
				56F4DAE7240295B800F859C3 /* Model */,
				56F4DAE6240295AE00F859C3 /* View */,
				56F4DAE5240295A300F859C3 /* Controller */,
			);
			path = OnTheMap;
			sourceTree = "<group>";
		};
		56F4DAE5240295A300F859C3 /* Controller */ = {
			isa = PBXGroup;
			children = (
				56CA239024027843000D1CD0 /* LoginViewController.swift */,
				5686DCCB240AA4DC0081F73F /* LocationsMapViewController.swift */,
				5686DCCF240BB5CA0081F73F /* LocationsListViewController.swift */,
			);
			path = Controller;
			sourceTree = "<group>";
		};
		56F4DAE6240295AE00F859C3 /* View */ = {
			isa = PBXGroup;
			children = (
				5686DCD1240BBD870081F73F /* StudentLocationCell.swift */,
			);
			path = View;
			sourceTree = "<group>";
		};
		56F4DAE7240295B800F859C3 /* Model */ = {
			isa = PBXGroup;
			children = (
				56F4DAEC2402960200F859C3 /* Data */,
				56F4DAEB240295F600F859C3 /* Client */,
				56F4DAEA240295F000F859C3 /* Request */,
				56F4DAE9240295E900F859C3 /* Response */,
			);
			path = Model;
			sourceTree = "<group>";
		};
		56F4DAE8240295C000F859C3 /* Assets */ = {
			isa = PBXGroup;
			children = (
				56CA239224027843000D1CD0 /* OnTheMap.storyboard */,
				56CA239524027845000D1CD0 /* Assets.xcassets */,
				56CA239724027845000D1CD0 /* LaunchScreen.storyboard */,
			);
			path = Assets;
			sourceTree = "<group>";
		};
		56F4DAE9240295E900F859C3 /* Response */ = {
			isa = PBXGroup;
			children = (
				56F4DAED2402964A00F859C3 /* StudentLocation.swift */,
				56F4DAEF2402966B00F859C3 /* StudentLocationsResponse.swift */,
				5686DCBD240A902D0081F73F /* ErrorResponse.swift */,
				5686DCC3240A94540081F73F /* AccountResponse.swift */,
				5686DCC5240A94880081F73F /* SessionResponse.swift */,
				5686DCC7240A970D0081F73F /* LoginResponse.swift */,
				5686DCC9240A9C270081F73F /* UserDataResponse.swift */,
			);
			path = Response;
			sourceTree = "<group>";
		};
		56F4DAEA240295F000F859C3 /* Request */ = {
			isa = PBXGroup;
			children = (
				5686DCC1240A92580081F73F /* CreateSessionRequest.swift */,
				5686DCBF240A92470081F73F /* CreateSessionUdacityRequest.swift */,
			);
			path = Request;
			sourceTree = "<group>";
		};
		56F4DAEB240295F600F859C3 /* Client */ = {
			isa = PBXGroup;
			children = (
				5686DCBB240A83FF0081F73F /* UdacityClient.swift */,
			);
			path = Client;
			sourceTree = "<group>";
		};
		56F4DAEC2402960200F859C3 /* Data */ = {
			isa = PBXGroup;
			children = (
				5686DCCD240AA8510081F73F /* LocationModel.swift */,
			);
			path = Data;
			sourceTree = "<group>";
		};
/* End PBXGroup section */

/* Begin PBXNativeTarget section */
		56CA238824027843000D1CD0 /* OnTheMap */ = {
			isa = PBXNativeTarget;
			buildConfigurationList = 56CA239D24027845000D1CD0 /* Build configuration list for PBXNativeTarget "OnTheMap" */;
			buildPhases = (
				56CA238524027843000D1CD0 /* Sources */,
				56CA238624027843000D1CD0 /* Frameworks */,
				56CA238724027843000D1CD0 /* Resources */,
			);
			buildRules = (
			);
			dependencies = (
			);
			name = OnTheMap;
			productName = OnTheMap;
			productReference = 56CA238924027843000D1CD0 /* On the Map.app */;
			productType = "com.apple.product-type.application";
		};
/* End PBXNativeTarget section */

/* Begin PBXProject section */
		56CA238124027843000D1CD0 /* Project object */ = {
			isa = PBXProject;
			attributes = {
				LastSwiftUpdateCheck = 1130;
				LastUpgradeCheck = 1130;
				ORGANIZATIONNAME = "AmmoLogic Training";
				TargetAttributes = {
					56CA238824027843000D1CD0 = {
						CreatedOnToolsVersion = 11.3.1;
					};
				};
			};
			buildConfigurationList = 56CA238424027843000D1CD0 /* Build configuration list for PBXProject "OnTheMap" */;
			compatibilityVersion = "Xcode 9.3";
			developmentRegion = en;
			hasScannedForEncodings = 0;
			knownRegions = (
				en,
				Base,
			);
			mainGroup = 56CA238024027843000D1CD0;
			productRefGroup = 56CA238A24027843000D1CD0 /* Products */;
			projectDirPath = "";
			projectRoot = "";
			targets = (
				56CA238824027843000D1CD0 /* OnTheMap */,
			);
		};
/* End PBXProject section */

/* Begin PBXResourcesBuildPhase section */
		56CA238724027843000D1CD0 /* Resources */ = {
			isa = PBXResourcesBuildPhase;
			buildActionMask = 2147483647;
			files = (
				56CA239924027845000D1CD0 /* LaunchScreen.storyboard in Resources */,
				56CA239624027845000D1CD0 /* Assets.xcassets in Resources */,
				56CA239424027843000D1CD0 /* OnTheMap.storyboard in Resources */,
			);
			runOnlyForDeploymentPostprocessing = 0;
		};
/* End PBXResourcesBuildPhase section */

/* Begin PBXSourcesBuildPhase section */
		56CA238524027843000D1CD0 /* Sources */ = {
			isa = PBXSourcesBuildPhase;
			buildActionMask = 2147483647;
			files = (
				5686DCC6240A94880081F73F /* SessionResponse.swift in Sources */,
				5686DCD2240BBD870081F73F /* StudentLocationCell.swift in Sources */,
				5686DCC0240A92470081F73F /* CreateSessionUdacityRequest.swift in Sources */,
				5686DCC8240A970D0081F73F /* LoginResponse.swift in Sources */,
				56F4DAF02402966B00F859C3 /* StudentLocationsResponse.swift in Sources */,
				5686DCCA240A9C280081F73F /* UserDataResponse.swift in Sources */,
				5686DCC4240A94540081F73F /* AccountResponse.swift in Sources */,
				56CA239124027843000D1CD0 /* LoginViewController.swift in Sources */,
				5686DCBC240A83FF0081F73F /* UdacityClient.swift in Sources */,
				56CA238D24027843000D1CD0 /* AppDelegate.swift in Sources */,
				5686DCD0240BB5CA0081F73F /* LocationsListViewController.swift in Sources */,
				56CA238F24027843000D1CD0 /* SceneDelegate.swift in Sources */,
				5686DCCC240AA4DC0081F73F /* LocationsMapViewController.swift in Sources */,
				56F4DAEE2402964A00F859C3 /* StudentLocation.swift in Sources */,
				5686DCBE240A902D0081F73F /* ErrorResponse.swift in Sources */,
				5686DCCE240AA8510081F73F /* LocationModel.swift in Sources */,
				5686DCC2240A92580081F73F /* CreateSessionRequest.swift in Sources */,
			);
			runOnlyForDeploymentPostprocessing = 0;
		};
/* End PBXSourcesBuildPhase section */

/* Begin PBXVariantGroup section */
		56CA239224027843000D1CD0 /* OnTheMap.storyboard */ = {
			isa = PBXVariantGroup;
			children = (
				56CA239324027843000D1CD0 /* Base */,
			);
			name = OnTheMap.storyboard;
			sourceTree = "<group>";
		};
		56CA239724027845000D1CD0 /* LaunchScreen.storyboard */ = {
			isa = PBXVariantGroup;
			children = (
				56CA239824027845000D1CD0 /* Base */,
			);
			name = LaunchScreen.storyboard;
			sourceTree = "<group>";
		};
/* End PBXVariantGroup section */

/* Begin XCBuildConfiguration section */
		56CA239B24027845000D1CD0 /* Debug */ = {
			isa = XCBuildConfiguration;
			buildSettings = {
				ALWAYS_SEARCH_USER_PATHS = NO;
				CLANG_ANALYZER_NONNULL = YES;
				CLANG_ANALYZER_NUMBER_OBJECT_CONVERSION = YES_AGGRESSIVE;
				CLANG_CXX_LANGUAGE_STANDARD = "gnu++14";
				CLANG_CXX_LIBRARY = "libc++";
				CLANG_ENABLE_MODULES = YES;
				CLANG_ENABLE_OBJC_ARC = YES;
				CLANG_ENABLE_OBJC_WEAK = YES;
				CLANG_WARN_BLOCK_CAPTURE_AUTORELEASING = YES;
				CLANG_WARN_BOOL_CONVERSION = YES;
				CLANG_WARN_COMMA = YES;
				CLANG_WARN_CONSTANT_CONVERSION = YES;
				CLANG_WARN_DEPRECATED_OBJC_IMPLEMENTATIONS = YES;
				CLANG_WARN_DIRECT_OBJC_ISA_USAGE = YES_ERROR;
				CLANG_WARN_DOCUMENTATION_COMMENTS = YES;
				CLANG_WARN_EMPTY_BODY = YES;
				CLANG_WARN_ENUM_CONVERSION = YES;
				CLANG_WARN_INFINITE_RECURSION = YES;
				CLANG_WARN_INT_CONVERSION = YES;
				CLANG_WARN_NON_LITERAL_NULL_CONVERSION = YES;
				CLANG_WARN_OBJC_IMPLICIT_RETAIN_SELF = YES;
				CLANG_WARN_OBJC_LITERAL_CONVERSION = YES;
				CLANG_WARN_OBJC_ROOT_CLASS = YES_ERROR;
				CLANG_WARN_RANGE_LOOP_ANALYSIS = YES;
				CLANG_WARN_STRICT_PROTOTYPES = YES;
				CLANG_WARN_SUSPICIOUS_MOVE = YES;
				CLANG_WARN_UNGUARDED_AVAILABILITY = YES_AGGRESSIVE;
				CLANG_WARN_UNREACHABLE_CODE = YES;
				CLANG_WARN__DUPLICATE_METHOD_MATCH = YES;
				COPY_PHASE_STRIP = NO;
				DEBUG_INFORMATION_FORMAT = dwarf;
				ENABLE_STRICT_OBJC_MSGSEND = YES;
				ENABLE_TESTABILITY = YES;
				GCC_C_LANGUAGE_STANDARD = gnu11;
				GCC_DYNAMIC_NO_PIC = NO;
				GCC_NO_COMMON_BLOCKS = YES;
				GCC_OPTIMIZATION_LEVEL = 0;
				GCC_PREPROCESSOR_DEFINITIONS = (
					"DEBUG=1",
					"$(inherited)",
				);
				GCC_WARN_64_TO_32_BIT_CONVERSION = YES;
				GCC_WARN_ABOUT_RETURN_TYPE = YES_ERROR;
				GCC_WARN_UNDECLARED_SELECTOR = YES;
				GCC_WARN_UNINITIALIZED_AUTOS = YES_AGGRESSIVE;
				GCC_WARN_UNUSED_FUNCTION = YES;
				GCC_WARN_UNUSED_VARIABLE = YES;
				IPHONEOS_DEPLOYMENT_TARGET = 10.3;
				MTL_ENABLE_DEBUG_INFO = INCLUDE_SOURCE;
				MTL_FAST_MATH = YES;
				ONLY_ACTIVE_ARCH = YES;
				SDKROOT = iphoneos;
				SWIFT_ACTIVE_COMPILATION_CONDITIONS = DEBUG;
				SWIFT_OPTIMIZATION_LEVEL = "-Onone";
			};
			name = Debug;
		};
		56CA239C24027845000D1CD0 /* Release */ = {
			isa = XCBuildConfiguration;
			buildSettings = {
				ALWAYS_SEARCH_USER_PATHS = NO;
				CLANG_ANALYZER_NONNULL = YES;
				CLANG_ANALYZER_NUMBER_OBJECT_CONVERSION = YES_AGGRESSIVE;
				CLANG_CXX_LANGUAGE_STANDARD = "gnu++14";
				CLANG_CXX_LIBRARY = "libc++";
				CLANG_ENABLE_MODULES = YES;
				CLANG_ENABLE_OBJC_ARC = YES;
				CLANG_ENABLE_OBJC_WEAK = YES;
				CLANG_WARN_BLOCK_CAPTURE_AUTORELEASING = YES;
				CLANG_WARN_BOOL_CONVERSION = YES;
				CLANG_WARN_COMMA = YES;
				CLANG_WARN_CONSTANT_CONVERSION = YES;
				CLANG_WARN_DEPRECATED_OBJC_IMPLEMENTATIONS = YES;
				CLANG_WARN_DIRECT_OBJC_ISA_USAGE = YES_ERROR;
				CLANG_WARN_DOCUMENTATION_COMMENTS = YES;
				CLANG_WARN_EMPTY_BODY = YES;
				CLANG_WARN_ENUM_CONVERSION = YES;
				CLANG_WARN_INFINITE_RECURSION = YES;
				CLANG_WARN_INT_CONVERSION = YES;
				CLANG_WARN_NON_LITERAL_NULL_CONVERSION = YES;
				CLANG_WARN_OBJC_IMPLICIT_RETAIN_SELF = YES;
				CLANG_WARN_OBJC_LITERAL_CONVERSION = YES;
				CLANG_WARN_OBJC_ROOT_CLASS = YES_ERROR;
				CLANG_WARN_RANGE_LOOP_ANALYSIS = YES;
				CLANG_WARN_STRICT_PROTOTYPES = YES;
				CLANG_WARN_SUSPICIOUS_MOVE = YES;
				CLANG_WARN_UNGUARDED_AVAILABILITY = YES_AGGRESSIVE;
				CLANG_WARN_UNREACHABLE_CODE = YES;
				CLANG_WARN__DUPLICATE_METHOD_MATCH = YES;
				COPY_PHASE_STRIP = NO;
				DEBUG_INFORMATION_FORMAT = "dwarf-with-dsym";
				ENABLE_NS_ASSERTIONS = NO;
				ENABLE_STRICT_OBJC_MSGSEND = YES;
				GCC_C_LANGUAGE_STANDARD = gnu11;
				GCC_NO_COMMON_BLOCKS = YES;
				GCC_WARN_64_TO_32_BIT_CONVERSION = YES;
				GCC_WARN_ABOUT_RETURN_TYPE = YES_ERROR;
				GCC_WARN_UNDECLARED_SELECTOR = YES;
				GCC_WARN_UNINITIALIZED_AUTOS = YES_AGGRESSIVE;
				GCC_WARN_UNUSED_FUNCTION = YES;
				GCC_WARN_UNUSED_VARIABLE = YES;
				IPHONEOS_DEPLOYMENT_TARGET = 10.3;
				MTL_ENABLE_DEBUG_INFO = NO;
				MTL_FAST_MATH = YES;
				SDKROOT = iphoneos;
				SWIFT_COMPILATION_MODE = wholemodule;
				SWIFT_OPTIMIZATION_LEVEL = "-O";
				VALIDATE_PRODUCT = YES;
			};
			name = Release;
		};
		56CA239E24027845000D1CD0 /* Debug */ = {
			isa = XCBuildConfiguration;
			buildSettings = {
				ASSETCATALOG_COMPILER_APPICON_NAME = AppIcon;
				CODE_SIGN_STYLE = Automatic;
				DEVELOPMENT_TEAM = R83X9TLKLK;
				INFOPLIST_FILE = OnTheMap/Info.plist;
				LD_RUNPATH_SEARCH_PATHS = (
					"$(inherited)",
					"@executable_path/Frameworks",
				);
				PRODUCT_BUNDLE_IDENTIFIER = com.ammologic.training.OnTheMap;
				PRODUCT_NAME = "On the Map";
				SWIFT_VERSION = 5.0;
				TARGETED_DEVICE_FAMILY = "1,2";
			};
			name = Debug;
		};
		56CA239F24027845000D1CD0 /* Release */ = {
			isa = XCBuildConfiguration;
			buildSettings = {
				ASSETCATALOG_COMPILER_APPICON_NAME = AppIcon;
				CODE_SIGN_STYLE = Automatic;
				DEVELOPMENT_TEAM = R83X9TLKLK;
				INFOPLIST_FILE = OnTheMap/Info.plist;
				LD_RUNPATH_SEARCH_PATHS = (
					"$(inherited)",
					"@executable_path/Frameworks",
				);
				PRODUCT_BUNDLE_IDENTIFIER = com.ammologic.training.OnTheMap;
				PRODUCT_NAME = "On the Map";
				SWIFT_VERSION = 5.0;
				TARGETED_DEVICE_FAMILY = "1,2";
			};
			name = Release;
		};
/* End XCBuildConfiguration section */

/* Begin XCConfigurationList section */
		56CA238424027843000D1CD0 /* Build configuration list for PBXProject "OnTheMap" */ = {
			isa = XCConfigurationList;
			buildConfigurations = (
				56CA239B24027845000D1CD0 /* Debug */,
				56CA239C24027845000D1CD0 /* Release */,
			);
			defaultConfigurationIsVisible = 0;
			defaultConfigurationName = Release;
		};
		56CA239D24027845000D1CD0 /* Build configuration list for PBXNativeTarget "OnTheMap" */ = {
			isa = XCConfigurationList;
			buildConfigurations = (
				56CA239E24027845000D1CD0 /* Debug */,
				56CA239F24027845000D1CD0 /* Release */,
			);
			defaultConfigurationIsVisible = 0;
			defaultConfigurationName = Release;
		};
/* End XCConfigurationList section */
	};
	rootObject = 56CA238124027843000D1CD0 /* Project object */;
}
